
Microsoft Visual Studio Solution File, Format Version 12.00
# Visual Studio Version 17
VisualStudioVersion = 17.3.32811.315
MinimumVisualStudioVersion = 10.0.40219.1
Project("{FAE04EC0-301F-11D3-BF4B-00C04F79EFBC}") = "Maze", "Maze\Maze.csproj", "{C7494A87-3AE8-4203-9EFE-F54BD9161A86}"
EndProject
Global
	GlobalSection(SolutionConfigurationPlatforms) = preSolution
		Debug|Any CPU = Debug|Any CPU
		Release|Any CPU = Release|Any CPU
	EndGlobalSection
	GlobalSection(ProjectConfigurationPlatforms) = postSolution
		{C7494A87-3AE8-4203-9EFE-F54BD9161A86}.Debug|Any CPU.ActiveCfg = Debug|Any CPU
		{C7494A87-3AE8-4203-9EFE-F54BD9161A86}.Debug|Any CPU.Build.0 = Debug|Any CPU
		{C7494A87-3AE8-4203-9EFE-F54BD9161A86}.Release|Any CPU.ActiveCfg = Release|Any CPU
		{C7494A87-3AE8-4203-9EFE-F54BD9161A86}.Release|Any CPU.Build.0 = Release|Any CPU
	EndGlobalSection
	GlobalSection(SolutionProperties) = preSolution
		HideSolutionNode = FALSE
	EndGlobalSection
	GlobalSection(ExtensibilityGlobals) = postSolution
		SolutionGuid = {9253A0D2-6B4C-4C29-AA53-E6C3A978D3B9}
	EndGlobalSection
EndGlobal
